
Microsoft Visual Studio Solution File, Format Version 12.00
# Visual Studio Version 16
VisualStudioVersion = 16.0.30523.141
MinimumVisualStudioVersion = 10.0.40219.1
Project("{FAE04EC0-301F-11D3-BF4B-00C04F79EFBC}") = "SimpleScanningApp", "SimpleScanningApp\SimpleScanningApp.csproj", "{EB4F0A78-E680-434D-A0BF-5F99E5B887D8}"
EndProject
Global
	GlobalSection(SolutionConfigurationPlatforms) = preSolution
		Debug|Any CPU = Debug|Any CPU
		Release|Any CPU = Release|Any CPU
	EndGlobalSection
	GlobalSection(ProjectConfigurationPlatforms) = postSolution
		{EB4F0A78-E680-434D-A0BF-5F99E5B887D8}.Debug|Any CPU.ActiveCfg = Debug|Any CPU
		{EB4F0A78-E680-434D-A0BF-5F99E5B887D8}.Debug|Any CPU.Build.0 = Debug|Any CPU
		{EB4F0A78-E680-434D-A0BF-5F99E5B887D8}.Release|Any CPU.ActiveCfg = Release|Any CPU
		{EB4F0A78-E680-434D-A0BF-5F99E5B887D8}.Release|Any CPU.Build.0 = Release|Any CPU
	EndGlobalSection
	GlobalSection(SolutionProperties) = preSolution
		HideSolutionNode = FALSE
	EndGlobalSection
	GlobalSection(ExtensibilityGlobals) = postSolution
		SolutionGuid = {F12D4672-B207-4573-B0B5-FCC7B8060C41}
	EndGlobalSection
EndGlobal
